// !$*UTF8*$!
{
	archiveVersion = 1;
	classes = {
	};
	objectVersion = 55;
	objects = {

/* Begin PBXBuildFile section */
		954BF5E32883114C00323D8A /* CameraViewController.swift in Sources */ = {isa = PBXBuildFile; fileRef = 954BF5E22883114C00323D8A /* CameraViewController.swift */; };
		954BF5E5288311A800323D8A /* SocialViewController.swift in Sources */ = {isa = PBXBuildFile; fileRef = 954BF5E4288311A800323D8A /* SocialViewController.swift */; };
		95E2FB6328838E81006E5164 /* ARTestViewController.swift in Sources */ = {isa = PBXBuildFile; fileRef = 95E2FB6228838E81006E5164 /* ARTestViewController.swift */; };
		95E2FB6528838EAB006E5164 /* NailScene.rcproject in Sources */ = {isa = PBXBuildFile; fileRef = 95E2FB6428838EAB006E5164 /* NailScene.rcproject */; };
		BA44230A28824702007C90B5 /* AppDelegate.swift in Sources */ = {isa = PBXBuildFile; fileRef = BA44230928824702007C90B5 /* AppDelegate.swift */; };
		BA44230C28824702007C90B5 /* SceneDelegate.swift in Sources */ = {isa = PBXBuildFile; fileRef = BA44230B28824702007C90B5 /* SceneDelegate.swift */; };
		BA44230E28824702007C90B5 /* HomeViewController.swift in Sources */ = {isa = PBXBuildFile; fileRef = BA44230D28824702007C90B5 /* HomeViewController.swift */; };
		BA44231128824702007C90B5 /* Main.storyboard in Resources */ = {isa = PBXBuildFile; fileRef = BA44230F28824702007C90B5 /* Main.storyboard */; };
		BA44231428824702007C90B5 /* NailArtApp.xcdatamodeld in Sources */ = {isa = PBXBuildFile; fileRef = BA44231228824702007C90B5 /* NailArtApp.xcdatamodeld */; };
		BA44231628824705007C90B5 /* Assets.xcassets in Resources */ = {isa = PBXBuildFile; fileRef = BA44231528824705007C90B5 /* Assets.xcassets */; };
		BA44231928824705007C90B5 /* LaunchScreen.storyboard in Resources */ = {isa = PBXBuildFile; fileRef = BA44231728824705007C90B5 /* LaunchScreen.storyboard */; };
		BA44232428824705007C90B5 /* NailArtAppTests.swift in Sources */ = {isa = PBXBuildFile; fileRef = BA44232328824705007C90B5 /* NailArtAppTests.swift */; };
		BA44232E28824705007C90B5 /* NailArtAppUITests.swift in Sources */ = {isa = PBXBuildFile; fileRef = BA44232D28824705007C90B5 /* NailArtAppUITests.swift */; };
		BA44233028824705007C90B5 /* NailArtAppUITestsLaunchTests.swift in Sources */ = {isa = PBXBuildFile; fileRef = BA44232F28824705007C90B5 /* NailArtAppUITestsLaunchTests.swift */; };
/* End PBXBuildFile section */

/* Begin PBXContainerItemProxy section */
		BA44232028824705007C90B5 /* PBXContainerItemProxy */ = {
			isa = PBXContainerItemProxy;
			containerPortal = BA4422FE28824702007C90B5 /* Project object */;
			proxyType = 1;
			remoteGlobalIDString = BA44230528824702007C90B5;
			remoteInfo = NailArtApp;
		};
		BA44232A28824705007C90B5 /* PBXContainerItemProxy */ = {
			isa = PBXContainerItemProxy;
			containerPortal = BA4422FE28824702007C90B5 /* Project object */;
			proxyType = 1;
			remoteGlobalIDString = BA44230528824702007C90B5;
			remoteInfo = NailArtApp;
		};
/* End PBXContainerItemProxy section */

/* Begin PBXFileReference section */
		954BF5E22883114C00323D8A /* CameraViewController.swift */ = {isa = PBXFileReference; lastKnownFileType = sourcecode.swift; path = CameraViewController.swift; sourceTree = "<group>"; };
		954BF5E4288311A800323D8A /* SocialViewController.swift */ = {isa = PBXFileReference; lastKnownFileType = sourcecode.swift; path = SocialViewController.swift; sourceTree = "<group>"; };
		95E2FB6228838E81006E5164 /* ARTestViewController.swift */ = {isa = PBXFileReference; lastKnownFileType = sourcecode.swift; path = ARTestViewController.swift; sourceTree = "<group>"; };
		95E2FB6428838EAB006E5164 /* NailScene.rcproject */ = {isa = PBXFileReference; lastKnownFileType = file.rcproject; path = NailScene.rcproject; sourceTree = "<group>"; };
		BA44230628824702007C90B5 /* NailArtApp.app */ = {isa = PBXFileReference; explicitFileType = wrapper.application; includeInIndex = 0; path = NailArtApp.app; sourceTree = BUILT_PRODUCTS_DIR; };
		BA44230928824702007C90B5 /* AppDelegate.swift */ = {isa = PBXFileReference; lastKnownFileType = sourcecode.swift; path = AppDelegate.swift; sourceTree = "<group>"; };
		BA44230B28824702007C90B5 /* SceneDelegate.swift */ = {isa = PBXFileReference; lastKnownFileType = sourcecode.swift; path = SceneDelegate.swift; sourceTree = "<group>"; };
		BA44230D28824702007C90B5 /* HomeViewController.swift */ = {isa = PBXFileReference; lastKnownFileType = sourcecode.swift; path = HomeViewController.swift; sourceTree = "<group>"; };
		BA44231028824702007C90B5 /* Base */ = {isa = PBXFileReference; lastKnownFileType = file.storyboard; name = Base; path = Base.lproj/Main.storyboard; sourceTree = "<group>"; };
		BA44231328824702007C90B5 /* NailArtApp.xcdatamodel */ = {isa = PBXFileReference; lastKnownFileType = wrapper.xcdatamodel; path = NailArtApp.xcdatamodel; sourceTree = "<group>"; };
		BA44231528824705007C90B5 /* Assets.xcassets */ = {isa = PBXFileReference; lastKnownFileType = folder.assetcatalog; path = Assets.xcassets; sourceTree = "<group>"; };
		BA44231828824705007C90B5 /* Base */ = {isa = PBXFileReference; lastKnownFileType = file.storyboard; name = Base; path = Base.lproj/LaunchScreen.storyboard; sourceTree = "<group>"; };
		BA44231A28824705007C90B5 /* Info.plist */ = {isa = PBXFileReference; lastKnownFileType = text.plist.xml; path = Info.plist; sourceTree = "<group>"; };
		BA44231F28824705007C90B5 /* NailArtAppTests.xctest */ = {isa = PBXFileReference; explicitFileType = wrapper.cfbundle; includeInIndex = 0; path = NailArtAppTests.xctest; sourceTree = BUILT_PRODUCTS_DIR; };
		BA44232328824705007C90B5 /* NailArtAppTests.swift */ = {isa = PBXFileReference; lastKnownFileType = sourcecode.swift; path = NailArtAppTests.swift; sourceTree = "<group>"; };
		BA44232928824705007C90B5 /* NailArtAppUITests.xctest */ = {isa = PBXFileReference; explicitFileType = wrapper.cfbundle; includeInIndex = 0; path = NailArtAppUITests.xctest; sourceTree = BUILT_PRODUCTS_DIR; };
		BA44232D28824705007C90B5 /* NailArtAppUITests.swift */ = {isa = PBXFileReference; lastKnownFileType = sourcecode.swift; path = NailArtAppUITests.swift; sourceTree = "<group>"; };
		BA44232F28824705007C90B5 /* NailArtAppUITestsLaunchTests.swift */ = {isa = PBXFileReference; lastKnownFileType = sourcecode.swift; path = NailArtAppUITestsLaunchTests.swift; sourceTree = "<group>"; };
/* End PBXFileReference section */

/* Begin PBXFrameworksBuildPhase section */
		BA44230328824702007C90B5 /* Frameworks */ = {
			isa = PBXFrameworksBuildPhase;
			buildActionMask = 2147483647;
			files = (
			);
			runOnlyForDeploymentPostprocessing = 0;
		};
		BA44231C28824705007C90B5 /* Frameworks */ = {
			isa = PBXFrameworksBuildPhase;
			buildActionMask = 2147483647;
			files = (
			);
			runOnlyForDeploymentPostprocessing = 0;
		};
		BA44232628824705007C90B5 /* Frameworks */ = {
			isa = PBXFrameworksBuildPhase;
			buildActionMask = 2147483647;
			files = (
			);
			runOnlyForDeploymentPostprocessing = 0;
		};
/* End PBXFrameworksBuildPhase section */

/* Begin PBXGroup section */
		BA4422FD28824702007C90B5 = {
			isa = PBXGroup;
			children = (
				BA44230828824702007C90B5 /* NailArtApp */,
				BA44232228824705007C90B5 /* NailArtAppTests */,
				BA44232C28824705007C90B5 /* NailArtAppUITests */,
				BA44230728824702007C90B5 /* Products */,
			);
			sourceTree = "<group>";
		};
		BA44230728824702007C90B5 /* Products */ = {
			isa = PBXGroup;
			children = (
				BA44230628824702007C90B5 /* NailArtApp.app */,
				BA44231F28824705007C90B5 /* NailArtAppTests.xctest */,
				BA44232928824705007C90B5 /* NailArtAppUITests.xctest */,
			);
			name = Products;
			sourceTree = "<group>";
		};
		BA44230828824702007C90B5 /* NailArtApp */ = {
			isa = PBXGroup;
			children = (
				BA44230928824702007C90B5 /* AppDelegate.swift */,
				BA44230B28824702007C90B5 /* SceneDelegate.swift */,
				BA44230D28824702007C90B5 /* HomeViewController.swift */,
				BA44230F28824702007C90B5 /* Main.storyboard */,
				95E2FB6228838E81006E5164 /* ARTestViewController.swift */,
				95E2FB6428838EAB006E5164 /* NailScene.rcproject */,
				BA44231528824705007C90B5 /* Assets.xcassets */,
				BA44231728824705007C90B5 /* LaunchScreen.storyboard */,
				BA44231A28824705007C90B5 /* Info.plist */,
				BA44231228824702007C90B5 /* NailArtApp.xcdatamodeld */,
				954BF5E22883114C00323D8A /* CameraViewController.swift */,
				954BF5E4288311A800323D8A /* SocialViewController.swift */,
			);
			path = NailArtApp;
			sourceTree = "<group>";
		};
		BA44232228824705007C90B5 /* NailArtAppTests */ = {
			isa = PBXGroup;
			children = (
				BA44232328824705007C90B5 /* NailArtAppTests.swift */,
			);
			path = NailArtAppTests;
			sourceTree = "<group>";
		};
		BA44232C28824705007C90B5 /* NailArtAppUITests */ = {
			isa = PBXGroup;
			children = (
				BA44232D28824705007C90B5 /* NailArtAppUITests.swift */,
				BA44232F28824705007C90B5 /* NailArtAppUITestsLaunchTests.swift */,
			);
			path = NailArtAppUITests;
			sourceTree = "<group>";
		};
/* End PBXGroup section */

/* Begin PBXNativeTarget section */
		BA44230528824702007C90B5 /* NailArtApp */ = {
			isa = PBXNativeTarget;
			buildConfigurationList = BA44233328824705007C90B5 /* Build configuration list for PBXNativeTarget "NailArtApp" */;
			buildPhases = (
				BA44230228824702007C90B5 /* Sources */,
				BA44230328824702007C90B5 /* Frameworks */,
				BA44230428824702007C90B5 /* Resources */,
			);
			buildRules = (
			);
			dependencies = (
			);
			name = NailArtApp;
			productName = NailArtApp;
			productReference = BA44230628824702007C90B5 /* NailArtApp.app */;
			productType = "com.apple.product-type.application";
		};
		BA44231E28824705007C90B5 /* NailArtAppTests */ = {
			isa = PBXNativeTarget;
			buildConfigurationList = BA44233628824705007C90B5 /* Build configuration list for PBXNativeTarget "NailArtAppTests" */;
			buildPhases = (
				BA44231B28824705007C90B5 /* Sources */,
				BA44231C28824705007C90B5 /* Frameworks */,
				BA44231D28824705007C90B5 /* Resources */,
			);
			buildRules = (
			);
			dependencies = (
				BA44232128824705007C90B5 /* PBXTargetDependency */,
			);
			name = NailArtAppTests;
			productName = NailArtAppTests;
			productReference = BA44231F28824705007C90B5 /* NailArtAppTests.xctest */;
			productType = "com.apple.product-type.bundle.unit-test";
		};
		BA44232828824705007C90B5 /* NailArtAppUITests */ = {
			isa = PBXNativeTarget;
			buildConfigurationList = BA44233928824705007C90B5 /* Build configuration list for PBXNativeTarget "NailArtAppUITests" */;
			buildPhases = (
				BA44232528824705007C90B5 /* Sources */,
				BA44232628824705007C90B5 /* Frameworks */,
				BA44232728824705007C90B5 /* Resources */,
			);
			buildRules = (
			);
			dependencies = (
				BA44232B28824705007C90B5 /* PBXTargetDependency */,
			);
			name = NailArtAppUITests;
			productName = NailArtAppUITests;
			productReference = BA44232928824705007C90B5 /* NailArtAppUITests.xctest */;
			productType = "com.apple.product-type.bundle.ui-testing";
		};
/* End PBXNativeTarget section */

/* Begin PBXProject section */
		BA4422FE28824702007C90B5 /* Project object */ = {
			isa = PBXProject;
			attributes = {
				BuildIndependentTargetsInParallel = 1;
				LastSwiftUpdateCheck = 1340;
				LastUpgradeCheck = 1340;
				TargetAttributes = {
					BA44230528824702007C90B5 = {
						CreatedOnToolsVersion = 13.4.1;
					};
					BA44231E28824705007C90B5 = {
						CreatedOnToolsVersion = 13.4.1;
						TestTargetID = BA44230528824702007C90B5;
					};
					BA44232828824705007C90B5 = {
						CreatedOnToolsVersion = 13.4.1;
						TestTargetID = BA44230528824702007C90B5;
					};
				};
			};
			buildConfigurationList = BA44230128824702007C90B5 /* Build configuration list for PBXProject "NailArtApp" */;
			compatibilityVersion = "Xcode 13.0";
			developmentRegion = en;
			hasScannedForEncodings = 0;
			knownRegions = (
				en,
				Base,
			);
			mainGroup = BA4422FD28824702007C90B5;
			productRefGroup = BA44230728824702007C90B5 /* Products */;
			projectDirPath = "";
			projectRoot = "";
			targets = (
				BA44230528824702007C90B5 /* NailArtApp */,
				BA44231E28824705007C90B5 /* NailArtAppTests */,
				BA44232828824705007C90B5 /* NailArtAppUITests */,
			);
		};
/* End PBXProject section */

/* Begin PBXResourcesBuildPhase section */
		BA44230428824702007C90B5 /* Resources */ = {
			isa = PBXResourcesBuildPhase;
			buildActionMask = 2147483647;
			files = (
				BA44231928824705007C90B5 /* LaunchScreen.storyboard in Resources */,
				BA44231628824705007C90B5 /* Assets.xcassets in Resources */,
				BA44231128824702007C90B5 /* Main.storyboard in Resources */,
			);
			runOnlyForDeploymentPostprocessing = 0;
		};
		BA44231D28824705007C90B5 /* Resources */ = {
			isa = PBXResourcesBuildPhase;
			buildActionMask = 2147483647;
			files = (
			);
			runOnlyForDeploymentPostprocessing = 0;
		};
		BA44232728824705007C90B5 /* Resources */ = {
			isa = PBXResourcesBuildPhase;
			buildActionMask = 2147483647;
			files = (
			);
			runOnlyForDeploymentPostprocessing = 0;
		};
/* End PBXResourcesBuildPhase section */

/* Begin PBXSourcesBuildPhase section */
		BA44230228824702007C90B5 /* Sources */ = {
			isa = PBXSourcesBuildPhase;
			buildActionMask = 2147483647;
			files = (
				BA44230E28824702007C90B5 /* HomeViewController.swift in Sources */,
				954BF5E32883114C00323D8A /* CameraViewController.swift in Sources */,
				BA44230A28824702007C90B5 /* AppDelegate.swift in Sources */,
				95E2FB6328838E81006E5164 /* ARTestViewController.swift in Sources */,
				954BF5E5288311A800323D8A /* SocialViewController.swift in Sources */,
				BA44230C28824702007C90B5 /* SceneDelegate.swift in Sources */,
				BA44231428824702007C90B5 /* NailArtApp.xcdatamodeld in Sources */,
				95E2FB6528838EAB006E5164 /* NailScene.rcproject in Sources */,
			);
			runOnlyForDeploymentPostprocessing = 0;
		};
		BA44231B28824705007C90B5 /* Sources */ = {
			isa = PBXSourcesBuildPhase;
			buildActionMask = 2147483647;
			files = (
				BA44232428824705007C90B5 /* NailArtAppTests.swift in Sources */,
			);
			runOnlyForDeploymentPostprocessing = 0;
		};
		BA44232528824705007C90B5 /* Sources */ = {
			isa = PBXSourcesBuildPhase;
			buildActionMask = 2147483647;
			files = (
				BA44233028824705007C90B5 /* NailArtAppUITestsLaunchTests.swift in Sources */,
				BA44232E28824705007C90B5 /* NailArtAppUITests.swift in Sources */,
			);
			runOnlyForDeploymentPostprocessing = 0;
		};
/* End PBXSourcesBuildPhase section */

/* Begin PBXTargetDependency section */
		BA44232128824705007C90B5 /* PBXTargetDependency */ = {
			isa = PBXTargetDependency;
			target = BA44230528824702007C90B5 /* NailArtApp */;
			targetProxy = BA44232028824705007C90B5 /* PBXContainerItemProxy */;
		};
		BA44232B28824705007C90B5 /* PBXTargetDependency */ = {
			isa = PBXTargetDependency;
			target = BA44230528824702007C90B5 /* NailArtApp */;
			targetProxy = BA44232A28824705007C90B5 /* PBXContainerItemProxy */;
		};
/* End PBXTargetDependency section */

/* Begin PBXVariantGroup section */
		BA44230F28824702007C90B5 /* Main.storyboard */ = {
			isa = PBXVariantGroup;
			children = (
				BA44231028824702007C90B5 /* Base */,
			);
			name = Main.storyboard;
			sourceTree = "<group>";
		};
		BA44231728824705007C90B5 /* LaunchScreen.storyboard */ = {
			isa = PBXVariantGroup;
			children = (
				BA44231828824705007C90B5 /* Base */,
			);
			name = LaunchScreen.storyboard;
			sourceTree = "<group>";
		};
/* End PBXVariantGroup section */

/* Begin XCBuildConfiguration section */
		BA44233128824705007C90B5 /* Debug */ = {
			isa = XCBuildConfiguration;
			buildSettings = {
				ALWAYS_SEARCH_USER_PATHS = NO;
				CLANG_ANALYZER_NONNULL = YES;
				CLANG_ANALYZER_NUMBER_OBJECT_CONVERSION = YES_AGGRESSIVE;
				CLANG_CXX_LANGUAGE_STANDARD = "gnu++17";
				CLANG_ENABLE_MODULES = YES;
				CLANG_ENABLE_OBJC_ARC = YES;
				CLANG_ENABLE_OBJC_WEAK = YES;
				CLANG_WARN_BLOCK_CAPTURE_AUTORELEASING = YES;
				CLANG_WARN_BOOL_CONVERSION = YES;
				CLANG_WARN_COMMA = YES;
				CLANG_WARN_CONSTANT_CONVERSION = YES;
				CLANG_WARN_DEPRECATED_OBJC_IMPLEMENTATIONS = YES;
				CLANG_WARN_DIRECT_OBJC_ISA_USAGE = YES_ERROR;
				CLANG_WARN_DOCUMENTATION_COMMENTS = YES;
				CLANG_WARN_EMPTY_BODY = YES;
				CLANG_WARN_ENUM_CONVERSION = YES;
				CLANG_WARN_INFINITE_RECURSION = YES;
				CLANG_WARN_INT_CONVERSION = YES;
				CLANG_WARN_NON_LITERAL_NULL_CONVERSION = YES;
				CLANG_WARN_OBJC_IMPLICIT_RETAIN_SELF = YES;
				CLANG_WARN_OBJC_LITERAL_CONVERSION = YES;
				CLANG_WARN_OBJC_ROOT_CLASS = YES_ERROR;
				CLANG_WARN_QUOTED_INCLUDE_IN_FRAMEWORK_HEADER = YES;
				CLANG_WARN_RANGE_LOOP_ANALYSIS = YES;
				CLANG_WARN_STRICT_PROTOTYPES = YES;
				CLANG_WARN_SUSPICIOUS_MOVE = YES;
				CLANG_WARN_UNGUARDED_AVAILABILITY = YES_AGGRESSIVE;
				CLANG_WARN_UNREACHABLE_CODE = YES;
				CLANG_WARN__DUPLICATE_METHOD_MATCH = YES;
				COPY_PHASE_STRIP = NO;
				DEBUG_INFORMATION_FORMAT = dwarf;
				ENABLE_STRICT_OBJC_MSGSEND = YES;
				ENABLE_TESTABILITY = YES;
				GCC_C_LANGUAGE_STANDARD = gnu11;
				GCC_DYNAMIC_NO_PIC = NO;
				GCC_NO_COMMON_BLOCKS = YES;
				GCC_OPTIMIZATION_LEVEL = 0;
				GCC_PREPROCESSOR_DEFINITIONS = (
					"DEBUG=1",
					"$(inherited)",
				);
				GCC_WARN_64_TO_32_BIT_CONVERSION = YES;
				GCC_WARN_ABOUT_RETURN_TYPE = YES_ERROR;
				GCC_WARN_UNDECLARED_SELECTOR = YES;
				GCC_WARN_UNINITIALIZED_AUTOS = YES_AGGRESSIVE;
				GCC_WARN_UNUSED_FUNCTION = YES;
				GCC_WARN_UNUSED_VARIABLE = YES;
				IPHONEOS_DEPLOYMENT_TARGET = 15.5;
				MTL_ENABLE_DEBUG_INFO = INCLUDE_SOURCE;
				MTL_FAST_MATH = YES;
				ONLY_ACTIVE_ARCH = YES;
				SDKROOT = iphoneos;
				SWIFT_ACTIVE_COMPILATION_CONDITIONS = DEBUG;
				SWIFT_OPTIMIZATION_LEVEL = "-Onone";
			};
			name = Debug;
		};
		BA44233228824705007C90B5 /* Release */ = {
			isa = XCBuildConfiguration;
			buildSettings = {
				ALWAYS_SEARCH_USER_PATHS = NO;
				CLANG_ANALYZER_NONNULL = YES;
				CLANG_ANALYZER_NUMBER_OBJECT_CONVERSION = YES_AGGRESSIVE;
				CLANG_CXX_LANGUAGE_STANDARD = "gnu++17";
				CLANG_ENABLE_MODULES = YES;
				CLANG_ENABLE_OBJC_ARC = YES;
				CLANG_ENABLE_OBJC_WEAK = YES;
				CLANG_WARN_BLOCK_CAPTURE_AUTORELEASING = YES;
				CLANG_WARN_BOOL_CONVERSION = YES;
				CLANG_WARN_COMMA = YES;
				CLANG_WARN_CONSTANT_CONVERSION = YES;
				CLANG_WARN_DEPRECATED_OBJC_IMPLEMENTATIONS = YES;
				CLANG_WARN_DIRECT_OBJC_ISA_USAGE = YES_ERROR;
				CLANG_WARN_DOCUMENTATION_COMMENTS = YES;
				CLANG_WARN_EMPTY_BODY = YES;
				CLANG_WARN_ENUM_CONVERSION = YES;
				CLANG_WARN_INFINITE_RECURSION = YES;
				CLANG_WARN_INT_CONVERSION = YES;
				CLANG_WARN_NON_LITERAL_NULL_CONVERSION = YES;
				CLANG_WARN_OBJC_IMPLICIT_RETAIN_SELF = YES;
				CLANG_WARN_OBJC_LITERAL_CONVERSION = YES;
				CLANG_WARN_OBJC_ROOT_CLASS = YES_ERROR;
				CLANG_WARN_QUOTED_INCLUDE_IN_FRAMEWORK_HEADER = YES;
				CLANG_WARN_RANGE_LOOP_ANALYSIS = YES;
				CLANG_WARN_STRICT_PROTOTYPES = YES;
				CLANG_WARN_SUSPICIOUS_MOVE = YES;
				CLANG_WARN_UNGUARDED_AVAILABILITY = YES_AGGRESSIVE;
				CLANG_WARN_UNREACHABLE_CODE = YES;
				CLANG_WARN__DUPLICATE_METHOD_MATCH = YES;
				COPY_PHASE_STRIP = NO;
				DEBUG_INFORMATION_FORMAT = "dwarf-with-dsym";
				ENABLE_NS_ASSERTIONS = NO;
				ENABLE_STRICT_OBJC_MSGSEND = YES;
				GCC_C_LANGUAGE_STANDARD = gnu11;
				GCC_NO_COMMON_BLOCKS = YES;
				GCC_WARN_64_TO_32_BIT_CONVERSION = YES;
				GCC_WARN_ABOUT_RETURN_TYPE = YES_ERROR;
				GCC_WARN_UNDECLARED_SELECTOR = YES;
				GCC_WARN_UNINITIALIZED_AUTOS = YES_AGGRESSIVE;
				GCC_WARN_UNUSED_FUNCTION = YES;
				GCC_WARN_UNUSED_VARIABLE = YES;
				IPHONEOS_DEPLOYMENT_TARGET = 15.5;
				MTL_ENABLE_DEBUG_INFO = NO;
				MTL_FAST_MATH = YES;
				SDKROOT = iphoneos;
				SWIFT_COMPILATION_MODE = wholemodule;
				SWIFT_OPTIMIZATION_LEVEL = "-O";
				VALIDATE_PRODUCT = YES;
			};
			name = Release;
		};
		BA44233428824705007C90B5 /* Debug */ = {
			isa = XCBuildConfiguration;
			buildSettings = {
				ASSETCATALOG_COMPILER_APPICON_NAME = AppIcon;
				ASSETCATALOG_COMPILER_GLOBAL_ACCENT_COLOR_NAME = AccentColor;
				CODE_SIGN_STYLE = Automatic;
				CURRENT_PROJECT_VERSION = 1;
				DEVELOPMENT_TEAM = XRM48M33LP;
				GENERATE_INFOPLIST_FILE = YES;
				INFOPLIST_FILE = NailArtApp/Info.plist;
				INFOPLIST_KEY_UIApplicationSupportsIndirectInputEvents = YES;
				INFOPLIST_KEY_UILaunchStoryboardName = LaunchScreen;
				INFOPLIST_KEY_UIMainStoryboardFile = Main;
				INFOPLIST_KEY_UISupportedInterfaceOrientations_iPad = "UIInterfaceOrientationPortrait UIInterfaceOrientationPortraitUpsideDown UIInterfaceOrientationLandscapeLeft UIInterfaceOrientationLandscapeRight";
				INFOPLIST_KEY_UISupportedInterfaceOrientations_iPhone = "UIInterfaceOrientationPortrait UIInterfaceOrientationLandscapeLeft UIInterfaceOrientationLandscapeRight";
				IPHONEOS_DEPLOYMENT_TARGET = 13.0;
				LD_RUNPATH_SEARCH_PATHS = (
					"$(inherited)",
					"@executable_path/Frameworks",
				);
				MARKETING_VERSION = 1.0;
				PRODUCT_BUNDLE_IDENTIFIER = SelfieHacks.NailArtApp;
				PRODUCT_NAME = "$(TARGET_NAME)";
				SWIFT_EMIT_LOC_STRINGS = YES;
				SWIFT_VERSION = 5.0;
				TARGETED_DEVICE_FAMILY = "1,2";
			};
			name = Debug;
		};
		BA44233528824705007C90B5 /* Release */ = {
			isa = XCBuildConfiguration;
			buildSettings = {
				ASSETCATALOG_COMPILER_APPICON_NAME = AppIcon;
				ASSETCATALOG_COMPILER_GLOBAL_ACCENT_COLOR_NAME = AccentColor;
				CODE_SIGN_STYLE = Automatic;
				CURRENT_PROJECT_VERSION = 1;
				DEVELOPMENT_TEAM = XRM48M33LP;
				GENERATE_INFOPLIST_FILE = YES;
				INFOPLIST_FILE = NailArtApp/Info.plist;
				INFOPLIST_KEY_UIApplicationSupportsIndirectInputEvents = YES;
				INFOPLIST_KEY_UILaunchStoryboardName = LaunchScreen;
				INFOPLIST_KEY_UIMainStoryboardFile = Main;
				INFOPLIST_KEY_UISupportedInterfaceOrientations_iPad = "UIInterfaceOrientationPortrait UIInterfaceOrientationPortraitUpsideDown UIInterfaceOrientationLandscapeLeft UIInterfaceOrientationLandscapeRight";
				INFOPLIST_KEY_UISupportedInterfaceOrientations_iPhone = "UIInterfaceOrientationPortrait UIInterfaceOrientationLandscapeLeft UIInterfaceOrientationLandscapeRight";
				IPHONEOS_DEPLOYMENT_TARGET = 13.0;
				LD_RUNPATH_SEARCH_PATHS = (
					"$(inherited)",
					"@executable_path/Frameworks",
				);
				MARKETING_VERSION = 1.0;
				PRODUCT_BUNDLE_IDENTIFIER = SelfieHacks.NailArtApp;
				PRODUCT_NAME = "$(TARGET_NAME)";
				SWIFT_EMIT_LOC_STRINGS = YES;
				SWIFT_VERSION = 5.0;
				TARGETED_DEVICE_FAMILY = "1,2";
			};
			name = Release;
		};
		BA44233728824705007C90B5 /* Debug */ = {
			isa = XCBuildConfiguration;
			buildSettings = {
				ALWAYS_EMBED_SWIFT_STANDARD_LIBRARIES = YES;
				BUNDLE_LOADER = "$(TEST_HOST)";
				CODE_SIGN_STYLE = Automatic;
				CURRENT_PROJECT_VERSION = 1;
				GENERATE_INFOPLIST_FILE = YES;
				IPHONEOS_DEPLOYMENT_TARGET = 15.5;
				MARKETING_VERSION = 1.0;
				PRODUCT_BUNDLE_IDENTIFIER = SelfieHacks.NailArtAppTests;
				PRODUCT_NAME = "$(TARGET_NAME)";
				SWIFT_EMIT_LOC_STRINGS = NO;
				SWIFT_VERSION = 5.0;
				TARGETED_DEVICE_FAMILY = "1,2";
				TEST_HOST = "$(BUILT_PRODUCTS_DIR)/NailArtApp.app/NailArtApp";
			};
			name = Debug;
		};
		BA44233828824705007C90B5 /* Release */ = {
			isa = XCBuildConfiguration;
			buildSettings = {
				ALWAYS_EMBED_SWIFT_STANDARD_LIBRARIES = YES;
				BUNDLE_LOADER = "$(TEST_HOST)";
				CODE_SIGN_STYLE = Automatic;
				CURRENT_PROJECT_VERSION = 1;
				GENERATE_INFOPLIST_FILE = YES;
				IPHONEOS_DEPLOYMENT_TARGET = 15.5;
				MARKETING_VERSION = 1.0;
				PRODUCT_BUNDLE_IDENTIFIER = SelfieHacks.NailArtAppTests;
				PRODUCT_NAME = "$(TARGET_NAME)";
				SWIFT_EMIT_LOC_STRINGS = NO;
				SWIFT_VERSION = 5.0;
				TARGETED_DEVICE_FAMILY = "1,2";
				TEST_HOST = "$(BUILT_PRODUCTS_DIR)/NailArtApp.app/NailArtApp";
			};
			name = Release;
		};
		BA44233A28824705007C90B5 /* Debug */ = {
			isa = XCBuildConfiguration;
			buildSettings = {
				ALWAYS_EMBED_SWIFT_STANDARD_LIBRARIES = YES;
				CODE_SIGN_STYLE = Automatic;
				CURRENT_PROJECT_VERSION = 1;
				GENERATE_INFOPLIST_FILE = YES;
				MARKETING_VERSION = 1.0;
				PRODUCT_BUNDLE_IDENTIFIER = SelfieHacks.NailArtAppUITests;
				PRODUCT_NAME = "$(TARGET_NAME)";
				SWIFT_EMIT_LOC_STRINGS = NO;
				SWIFT_VERSION = 5.0;
				TARGETED_DEVICE_FAMILY = "1,2";
				TEST_TARGET_NAME = NailArtApp;
			};
			name = Debug;
		};
		BA44233B28824705007C90B5 /* Release */ = {
			isa = XCBuildConfiguration;
			buildSettings = {
				ALWAYS_EMBED_SWIFT_STANDARD_LIBRARIES = YES;
				CODE_SIGN_STYLE = Automatic;
				CURRENT_PROJECT_VERSION = 1;
				GENERATE_INFOPLIST_FILE = YES;
				MARKETING_VERSION = 1.0;
				PRODUCT_BUNDLE_IDENTIFIER = SelfieHacks.NailArtAppUITests;
				PRODUCT_NAME = "$(TARGET_NAME)";
				SWIFT_EMIT_LOC_STRINGS = NO;
				SWIFT_VERSION = 5.0;
				TARGETED_DEVICE_FAMILY = "1,2";
				TEST_TARGET_NAME = NailArtApp;
			};
			name = Release;
		};
/* End XCBuildConfiguration section */

/* Begin XCConfigurationList section */
		BA44230128824702007C90B5 /* Build configuration list for PBXProject "NailArtApp" */ = {
			isa = XCConfigurationList;
			buildConfigurations = (
				BA44233128824705007C90B5 /* Debug */,
				BA44233228824705007C90B5 /* Release */,
			);
			defaultConfigurationIsVisible = 0;
			defaultConfigurationName = Release;
		};
		BA44233328824705007C90B5 /* Build configuration list for PBXNativeTarget "NailArtApp" */ = {
			isa = XCConfigurationList;
			buildConfigurations = (
				BA44233428824705007C90B5 /* Debug */,
				BA44233528824705007C90B5 /* Release */,
			);
			defaultConfigurationIsVisible = 0;
			defaultConfigurationName = Release;
		};
		BA44233628824705007C90B5 /* Build configuration list for PBXNativeTarget "NailArtAppTests" */ = {
			isa = XCConfigurationList;
			buildConfigurations = (
				BA44233728824705007C90B5 /* Debug */,
				BA44233828824705007C90B5 /* Release */,
			);
			defaultConfigurationIsVisible = 0;
			defaultConfigurationName = Release;
		};
		BA44233928824705007C90B5 /* Build configuration list for PBXNativeTarget "NailArtAppUITests" */ = {
			isa = XCConfigurationList;
			buildConfigurations = (
				BA44233A28824705007C90B5 /* Debug */,
				BA44233B28824705007C90B5 /* Release */,
			);
			defaultConfigurationIsVisible = 0;
			defaultConfigurationName = Release;
		};
/* End XCConfigurationList section */

/* Begin XCVersionGroup section */
		BA44231228824702007C90B5 /* NailArtApp.xcdatamodeld */ = {
			isa = XCVersionGroup;
			children = (
				BA44231328824702007C90B5 /* NailArtApp.xcdatamodel */,
			);
			currentVersion = BA44231328824702007C90B5 /* NailArtApp.xcdatamodel */;
			path = NailArtApp.xcdatamodeld;
			sourceTree = "<group>";
			versionGroupType = wrapper.xcdatamodel;
		};
/* End XCVersionGroup section */
	};
	rootObject = BA4422FE28824702007C90B5 /* Project object */;
}
